// !$*UTF8*$!
{
	archiveVersion = 1;
	classes = {
	};
	objectVersion = 52;
	objects = {

/* Begin PBXBuildFile section */
		1808CF9827D610A5009408D5 /* MessageView.swift in Sources */ = {isa = PBXBuildFile; fileRef = 1808CF9727D610A5009408D5 /* MessageView.swift */; };
		180C08C927D6839900E16786 /* MessageViewModel.swift in Sources */ = {isa = PBXBuildFile; fileRef = 180C08C827D6839900E16786 /* MessageViewModel.swift */; };
		180C08CD27D6897400E16786 /* UserModel.swift in Sources */ = {isa = PBXBuildFile; fileRef = 180C08CC27D6897400E16786 /* UserModel.swift */; };
		180C08D127D68CFB00E16786 /* String+Extension.swift in Sources */ = {isa = PBXBuildFile; fileRef = 180C08D027D68CFB00E16786 /* String+Extension.swift */; };
		180C08D627D68FC200E16786 /* SDWebImageSwiftUI in Frameworks */ = {isa = PBXBuildFile; productRef = 180C08D527D68FC200E16786 /* SDWebImageSwiftUI */; };
		181DA7A327D26153005F2B08 /* ChatAppApp.swift in Sources */ = {isa = PBXBuildFile; fileRef = 181DA7A227D26153005F2B08 /* ChatAppApp.swift */; };
		181DA7A527D26153005F2B08 /* LoginView.swift in Sources */ = {isa = PBXBuildFile; fileRef = 181DA7A427D26153005F2B08 /* LoginView.swift */; };
		181DA7A727D26154005F2B08 /* Assets.xcassets in Resources */ = {isa = PBXBuildFile; fileRef = 181DA7A627D26154005F2B08 /* Assets.xcassets */; };
		181DA7AA27D26154005F2B08 /* Preview Assets.xcassets in Resources */ = {isa = PBXBuildFile; fileRef = 181DA7A927D26154005F2B08 /* Preview Assets.xcassets */; };
		1872C1CB27D3A71D008705EA /* GoogleService-Info.plist in Resources */ = {isa = PBXBuildFile; fileRef = 1872C1CA27D3A71D008705EA /* GoogleService-Info.plist */; };
		18817DE327D3C2CF0077C541 /* FirebaseManager.swift in Sources */ = {isa = PBXBuildFile; fileRef = 18817DE227D3C2CF0077C541 /* FirebaseManager.swift */; };
		18817DE927D3CABD0077C541 /* ImagePicker.swift in Sources */ = {isa = PBXBuildFile; fileRef = 18817DE827D3CABD0077C541 /* ImagePicker.swift */; };
		18EE67CE27D3EBB500C44294 /* FirebaseAuth in Frameworks */ = {isa = PBXBuildFile; productRef = 18EE67CD27D3EBB500C44294 /* FirebaseAuth */; };
		18EE67D027D3EBB500C44294 /* FirebaseFirestore in Frameworks */ = {isa = PBXBuildFile; productRef = 18EE67CF27D3EBB500C44294 /* FirebaseFirestore */; };
		18EE67D227D3EBB500C44294 /* FirebaseStorage in Frameworks */ = {isa = PBXBuildFile; productRef = 18EE67D127D3EBB500C44294 /* FirebaseStorage */; };
/* End PBXBuildFile section */

/* Begin PBXFileReference section */
		1808CF9727D610A5009408D5 /* MessageView.swift */ = {isa = PBXFileReference; lastKnownFileType = sourcecode.swift; path = MessageView.swift; sourceTree = "<group>"; };
		180C08C827D6839900E16786 /* MessageViewModel.swift */ = {isa = PBXFileReference; lastKnownFileType = sourcecode.swift; path = MessageViewModel.swift; sourceTree = "<group>"; };
		180C08CC27D6897400E16786 /* UserModel.swift */ = {isa = PBXFileReference; lastKnownFileType = sourcecode.swift; path = UserModel.swift; sourceTree = "<group>"; };
		180C08D027D68CFB00E16786 /* String+Extension.swift */ = {isa = PBXFileReference; lastKnownFileType = sourcecode.swift; path = "String+Extension.swift"; sourceTree = "<group>"; };
		181DA79F27D26153005F2B08 /* ChatApp.app */ = {isa = PBXFileReference; explicitFileType = wrapper.application; includeInIndex = 0; path = ChatApp.app; sourceTree = BUILT_PRODUCTS_DIR; };
		181DA7A227D26153005F2B08 /* ChatAppApp.swift */ = {isa = PBXFileReference; lastKnownFileType = sourcecode.swift; path = ChatAppApp.swift; sourceTree = "<group>"; };
		181DA7A427D26153005F2B08 /* LoginView.swift */ = {isa = PBXFileReference; lastKnownFileType = sourcecode.swift; path = LoginView.swift; sourceTree = "<group>"; };
		181DA7A627D26154005F2B08 /* Assets.xcassets */ = {isa = PBXFileReference; lastKnownFileType = folder.assetcatalog; path = Assets.xcassets; sourceTree = "<group>"; };
		181DA7A927D26154005F2B08 /* Preview Assets.xcassets */ = {isa = PBXFileReference; lastKnownFileType = folder.assetcatalog; path = "Preview Assets.xcassets"; sourceTree = "<group>"; };
		181DA7AB27D26154005F2B08 /* Info.plist */ = {isa = PBXFileReference; lastKnownFileType = text.plist.xml; path = Info.plist; sourceTree = "<group>"; };
		1872C1CA27D3A71D008705EA /* GoogleService-Info.plist */ = {isa = PBXFileReference; fileEncoding = 4; lastKnownFileType = text.plist.xml; path = "GoogleService-Info.plist"; sourceTree = "<group>"; };
		18817DE227D3C2CF0077C541 /* FirebaseManager.swift */ = {isa = PBXFileReference; lastKnownFileType = sourcecode.swift; path = FirebaseManager.swift; sourceTree = "<group>"; };
		18817DE827D3CABD0077C541 /* ImagePicker.swift */ = {isa = PBXFileReference; lastKnownFileType = sourcecode.swift; path = ImagePicker.swift; sourceTree = "<group>"; };
/* End PBXFileReference section */

/* Begin PBXFrameworksBuildPhase section */
		181DA79C27D26153005F2B08 /* Frameworks */ = {
			isa = PBXFrameworksBuildPhase;
			buildActionMask = 2147483647;
			files = (
				180C08D627D68FC200E16786 /* SDWebImageSwiftUI in Frameworks */,
				18EE67CE27D3EBB500C44294 /* FirebaseAuth in Frameworks */,
				18EE67D027D3EBB500C44294 /* FirebaseFirestore in Frameworks */,
				18EE67D227D3EBB500C44294 /* FirebaseStorage in Frameworks */,
			);
			runOnlyForDeploymentPostprocessing = 0;
		};
/* End PBXFrameworksBuildPhase section */

/* Begin PBXGroup section */
		1808CF9627D6108E009408D5 /* MessageView */ = {
			isa = PBXGroup;
			children = (
				1808CF9727D610A5009408D5 /* MessageView.swift */,
			);
			path = MessageView;
			sourceTree = "<group>";
		};
		180C08CF27D68CED00E16786 /* Extensions */ = {
			isa = PBXGroup;
			children = (
				180C08D027D68CFB00E16786 /* String+Extension.swift */,
			);
			path = Extensions;
			sourceTree = "<group>";
		};
		181DA79627D26153005F2B08 = {
			isa = PBXGroup;
			children = (
				181DA7A127D26153005F2B08 /* ChatApp */,
				181DA7A027D26153005F2B08 /* Products */,
			);
			sourceTree = "<group>";
		};
		181DA7A027D26153005F2B08 /* Products */ = {
			isa = PBXGroup;
			children = (
				181DA79F27D26153005F2B08 /* ChatApp.app */,
			);
			name = Products;
			sourceTree = "<group>";
		};
		181DA7A127D26153005F2B08 /* ChatApp */ = {
			isa = PBXGroup;
			children = (
				18859D1D27D7886B00FF472B /* Model */,
				18817DE127D3C2BD0077C541 /* Utils */,
				1808CF9627D6108E009408D5 /* MessageView */,
				181DA7A227D26153005F2B08 /* ChatAppApp.swift */,
				181DA7A427D26153005F2B08 /* LoginView.swift */,
				181DA7A627D26154005F2B08 /* Assets.xcassets */,
				181DA7AB27D26154005F2B08 /* Info.plist */,
				1872C1CA27D3A71D008705EA /* GoogleService-Info.plist */,
				181DA7A827D26154005F2B08 /* Preview Content */,
			);
			path = ChatApp;
			sourceTree = "<group>";
		};
		181DA7A827D26154005F2B08 /* Preview Content */ = {
			isa = PBXGroup;
			children = (
				181DA7A927D26154005F2B08 /* Preview Assets.xcassets */,
			);
			path = "Preview Content";
			sourceTree = "<group>";
		};
		18817DE127D3C2BD0077C541 /* Utils */ = {
			isa = PBXGroup;
			children = (
				180C08CF27D68CED00E16786 /* Extensions */,
				18817DE227D3C2CF0077C541 /* FirebaseManager.swift */,
				18817DE827D3CABD0077C541 /* ImagePicker.swift */,
				180C08C827D6839900E16786 /* MessageViewModel.swift */,
			);
			path = Utils;
			sourceTree = "<group>";
		};
		18859D1D27D7886B00FF472B /* Model */ = {
			isa = PBXGroup;
			children = (
				180C08CC27D6897400E16786 /* UserModel.swift */,
			);
			path = Model;
			sourceTree = "<group>";
		};
/* End PBXGroup section */

/* Begin PBXNativeTarget section */
		181DA79E27D26153005F2B08 /* ChatApp */ = {
			isa = PBXNativeTarget;
			buildConfigurationList = 181DA7AE27D26154005F2B08 /* Build configuration list for PBXNativeTarget "ChatApp" */;
			buildPhases = (
				181DA79B27D26153005F2B08 /* Sources */,
				181DA79C27D26153005F2B08 /* Frameworks */,
				181DA79D27D26153005F2B08 /* Resources */,
			);
			buildRules = (
			);
			dependencies = (
			);
			name = ChatApp;
			packageProductDependencies = (
				18EE67CD27D3EBB500C44294 /* FirebaseAuth */,
				18EE67CF27D3EBB500C44294 /* FirebaseFirestore */,
				18EE67D127D3EBB500C44294 /* FirebaseStorage */,
				180C08D527D68FC200E16786 /* SDWebImageSwiftUI */,
			);
			productName = ChatApp;
			productReference = 181DA79F27D26153005F2B08 /* ChatApp.app */;
			productType = "com.apple.product-type.application";
		};
/* End PBXNativeTarget section */

/* Begin PBXProject section */
		181DA79727D26153005F2B08 /* Project object */ = {
			isa = PBXProject;
			attributes = {
				LastSwiftUpdateCheck = 1210;
				LastUpgradeCheck = 1210;
				TargetAttributes = {
					181DA79E27D26153005F2B08 = {
						CreatedOnToolsVersion = 12.1;
					};
				};
			};
			buildConfigurationList = 181DA79A27D26153005F2B08 /* Build configuration list for PBXProject "ChatApp" */;
			compatibilityVersion = "Xcode 9.3";
			developmentRegion = en;
			hasScannedForEncodings = 0;
			knownRegions = (
				en,
				Base,
			);
			mainGroup = 181DA79627D26153005F2B08;
			packageReferences = (
				18EE67CC27D3EBB500C44294 /* XCRemoteSwiftPackageReference "firebase-ios-sdk" */,
				180C08D427D68FC100E16786 /* XCRemoteSwiftPackageReference "SDWebImageSwiftUI" */,
			);
			productRefGroup = 181DA7A027D26153005F2B08 /* Products */;
			projectDirPath = "";
			projectRoot = "";
			targets = (
				181DA79E27D26153005F2B08 /* ChatApp */,
			);
		};
/* End PBXProject section */

/* Begin PBXResourcesBuildPhase section */
		181DA79D27D26153005F2B08 /* Resources */ = {
			isa = PBXResourcesBuildPhase;
			buildActionMask = 2147483647;
			files = (
				181DA7AA27D26154005F2B08 /* Preview Assets.xcassets in Resources */,
				181DA7A727D26154005F2B08 /* Assets.xcassets in Resources */,
				1872C1CB27D3A71D008705EA /* GoogleService-Info.plist in Resources */,
			);
			runOnlyForDeploymentPostprocessing = 0;
		};
/* End PBXResourcesBuildPhase section */

/* Begin PBXSourcesBuildPhase section */
		181DA79B27D26153005F2B08 /* Sources */ = {
			isa = PBXSourcesBuildPhase;
			buildActionMask = 2147483647;
			files = (
				180C08D127D68CFB00E16786 /* String+Extension.swift in Sources */,
				18817DE327D3C2CF0077C541 /* FirebaseManager.swift in Sources */,
				180C08CD27D6897400E16786 /* UserModel.swift in Sources */,
				18817DE927D3CABD0077C541 /* ImagePicker.swift in Sources */,
				181DA7A527D26153005F2B08 /* LoginView.swift in Sources */,
				181DA7A327D26153005F2B08 /* ChatAppApp.swift in Sources */,
				180C08C927D6839900E16786 /* MessageViewModel.swift in Sources */,
				1808CF9827D610A5009408D5 /* MessageView.swift in Sources */,
			);
			runOnlyForDeploymentPostprocessing = 0;
		};
/* End PBXSourcesBuildPhase section */

/* Begin XCBuildConfiguration section */
		181DA7AC27D26154005F2B08 /* Debug */ = {
			isa = XCBuildConfiguration;
			buildSettings = {
				ALWAYS_SEARCH_USER_PATHS = NO;
				CLANG_ANALYZER_NONNULL = YES;
				CLANG_ANALYZER_NUMBER_OBJECT_CONVERSION = YES_AGGRESSIVE;
				CLANG_CXX_LANGUAGE_STANDARD = "gnu++14";
				CLANG_CXX_LIBRARY = "libc++";
				CLANG_ENABLE_MODULES = YES;
				CLANG_ENABLE_OBJC_ARC = YES;
				CLANG_ENABLE_OBJC_WEAK = YES;
				CLANG_WARN_BLOCK_CAPTURE_AUTORELEASING = YES;
				CLANG_WARN_BOOL_CONVERSION = YES;
				CLANG_WARN_COMMA = YES;
				CLANG_WARN_CONSTANT_CONVERSION = YES;
				CLANG_WARN_DEPRECATED_OBJC_IMPLEMENTATIONS = YES;
				CLANG_WARN_DIRECT_OBJC_ISA_USAGE = YES_ERROR;
				CLANG_WARN_DOCUMENTATION_COMMENTS = YES;
				CLANG_WARN_EMPTY_BODY = YES;
				CLANG_WARN_ENUM_CONVERSION = YES;
				CLANG_WARN_INFINITE_RECURSION = YES;
				CLANG_WARN_INT_CONVERSION = YES;
				CLANG_WARN_NON_LITERAL_NULL_CONVERSION = YES;
				CLANG_WARN_OBJC_IMPLICIT_RETAIN_SELF = YES;
				CLANG_WARN_OBJC_LITERAL_CONVERSION = YES;
				CLANG_WARN_OBJC_ROOT_CLASS = YES_ERROR;
				CLANG_WARN_QUOTED_INCLUDE_IN_FRAMEWORK_HEADER = YES;
				CLANG_WARN_RANGE_LOOP_ANALYSIS = YES;
				CLANG_WARN_STRICT_PROTOTYPES = YES;
				CLANG_WARN_SUSPICIOUS_MOVE = YES;
				CLANG_WARN_UNGUARDED_AVAILABILITY = YES_AGGRESSIVE;
				CLANG_WARN_UNREACHABLE_CODE = YES;
				CLANG_WARN__DUPLICATE_METHOD_MATCH = YES;
				COPY_PHASE_STRIP = NO;
				DEBUG_INFORMATION_FORMAT = dwarf;
				ENABLE_STRICT_OBJC_MSGSEND = YES;
				ENABLE_TESTABILITY = YES;
				GCC_C_LANGUAGE_STANDARD = gnu11;
				GCC_DYNAMIC_NO_PIC = NO;
				GCC_NO_COMMON_BLOCKS = YES;
				GCC_OPTIMIZATION_LEVEL = 0;
				GCC_PREPROCESSOR_DEFINITIONS = (
					"DEBUG=1",
					"$(inherited)",
				);
				GCC_WARN_64_TO_32_BIT_CONVERSION = YES;
				GCC_WARN_ABOUT_RETURN_TYPE = YES_ERROR;
				GCC_WARN_UNDECLARED_SELECTOR = YES;
				GCC_WARN_UNINITIALIZED_AUTOS = YES_AGGRESSIVE;
				GCC_WARN_UNUSED_FUNCTION = YES;
				GCC_WARN_UNUSED_VARIABLE = YES;
				IPHONEOS_DEPLOYMENT_TARGET = 14.1;
				MTL_ENABLE_DEBUG_INFO = INCLUDE_SOURCE;
				MTL_FAST_MATH = YES;
				ONLY_ACTIVE_ARCH = YES;
				SDKROOT = iphoneos;
				SWIFT_ACTIVE_COMPILATION_CONDITIONS = DEBUG;
				SWIFT_OPTIMIZATION_LEVEL = "-Onone";
			};
			name = Debug;
		};
		181DA7AD27D26154005F2B08 /* Release */ = {
			isa = XCBuildConfiguration;
			buildSettings = {
				ALWAYS_SEARCH_USER_PATHS = NO;
				CLANG_ANALYZER_NONNULL = YES;
				CLANG_ANALYZER_NUMBER_OBJECT_CONVERSION = YES_AGGRESSIVE;
				CLANG_CXX_LANGUAGE_STANDARD = "gnu++14";
				CLANG_CXX_LIBRARY = "libc++";
				CLANG_ENABLE_MODULES = YES;
				CLANG_ENABLE_OBJC_ARC = YES;
				CLANG_ENABLE_OBJC_WEAK = YES;
				CLANG_WARN_BLOCK_CAPTURE_AUTORELEASING = YES;
				CLANG_WARN_BOOL_CONVERSION = YES;
				CLANG_WARN_COMMA = YES;
				CLANG_WARN_CONSTANT_CONVERSION = YES;
				CLANG_WARN_DEPRECATED_OBJC_IMPLEMENTATIONS = YES;
				CLANG_WARN_DIRECT_OBJC_ISA_USAGE = YES_ERROR;
				CLANG_WARN_DOCUMENTATION_COMMENTS = YES;
				CLANG_WARN_EMPTY_BODY = YES;
				CLANG_WARN_ENUM_CONVERSION = YES;
				CLANG_WARN_INFINITE_RECURSION = YES;
				CLANG_WARN_INT_CONVERSION = YES;
				CLANG_WARN_NON_LITERAL_NULL_CONVERSION = YES;
				CLANG_WARN_OBJC_IMPLICIT_RETAIN_SELF = YES;
				CLANG_WARN_OBJC_LITERAL_CONVERSION = YES;
				CLANG_WARN_OBJC_ROOT_CLASS = YES_ERROR;
				CLANG_WARN_QUOTED_INCLUDE_IN_FRAMEWORK_HEADER = YES;
				CLANG_WARN_RANGE_LOOP_ANALYSIS = YES;
				CLANG_WARN_STRICT_PROTOTYPES = YES;
				CLANG_WARN_SUSPICIOUS_MOVE = YES;
				CLANG_WARN_UNGUARDED_AVAILABILITY = YES_AGGRESSIVE;
				CLANG_WARN_UNREACHABLE_CODE = YES;
				CLANG_WARN__DUPLICATE_METHOD_MATCH = YES;
				COPY_PHASE_STRIP = NO;
				DEBUG_INFORMATION_FORMAT = "dwarf-with-dsym";
				ENABLE_NS_ASSERTIONS = NO;
				ENABLE_STRICT_OBJC_MSGSEND = YES;
				GCC_C_LANGUAGE_STANDARD = gnu11;
				GCC_NO_COMMON_BLOCKS = YES;
				GCC_WARN_64_TO_32_BIT_CONVERSION = YES;
				GCC_WARN_ABOUT_RETURN_TYPE = YES_ERROR;
				GCC_WARN_UNDECLARED_SELECTOR = YES;
				GCC_WARN_UNINITIALIZED_AUTOS = YES_AGGRESSIVE;
				GCC_WARN_UNUSED_FUNCTION = YES;
				GCC_WARN_UNUSED_VARIABLE = YES;
				IPHONEOS_DEPLOYMENT_TARGET = 14.1;
				MTL_ENABLE_DEBUG_INFO = NO;
				MTL_FAST_MATH = YES;
				SDKROOT = iphoneos;
				SWIFT_COMPILATION_MODE = wholemodule;
				SWIFT_OPTIMIZATION_LEVEL = "-O";
				VALIDATE_PRODUCT = YES;
			};
			name = Release;
		};
		181DA7AF27D26154005F2B08 /* Debug */ = {
			isa = XCBuildConfiguration;
			buildSettings = {
				ASSETCATALOG_COMPILER_APPICON_NAME = AppIcon;
				ASSETCATALOG_COMPILER_GLOBAL_ACCENT_COLOR_NAME = AccentColor;
				CODE_SIGN_STYLE = Automatic;
				DEVELOPMENT_ASSET_PATHS = "\"ChatApp/Preview Content\"";
				ENABLE_PREVIEWS = YES;
				INFOPLIST_FILE = ChatApp/Info.plist;
				IPHONEOS_DEPLOYMENT_TARGET = 14.0;
				LD_RUNPATH_SEARCH_PATHS = (
					"$(inherited)",
					"@executable_path/Frameworks",
				);
				PRODUCT_BUNDLE_IDENTIFIER = com.iYasser.ChatApp;
				PRODUCT_NAME = "$(TARGET_NAME)";
				SWIFT_VERSION = 5.0;
				TARGETED_DEVICE_FAMILY = "1,2";
			};
			name = Debug;
		};
		181DA7B027D26154005F2B08 /* Release */ = {
			isa = XCBuildConfiguration;
			buildSettings = {
				ASSETCATALOG_COMPILER_APPICON_NAME = AppIcon;
				ASSETCATALOG_COMPILER_GLOBAL_ACCENT_COLOR_NAME = AccentColor;
				CODE_SIGN_STYLE = Automatic;
				DEVELOPMENT_ASSET_PATHS = "\"ChatApp/Preview Content\"";
				ENABLE_PREVIEWS = YES;
				INFOPLIST_FILE = ChatApp/Info.plist;
				IPHONEOS_DEPLOYMENT_TARGET = 14.0;
				LD_RUNPATH_SEARCH_PATHS = (
					"$(inherited)",
					"@executable_path/Frameworks",
				);
				PRODUCT_BUNDLE_IDENTIFIER = com.iYasser.ChatApp;
				PRODUCT_NAME = "$(TARGET_NAME)";
				SWIFT_VERSION = 5.0;
				TARGETED_DEVICE_FAMILY = "1,2";
			};
			name = Release;
		};
/* End XCBuildConfiguration section */

/* Begin XCConfigurationList section */
		181DA79A27D26153005F2B08 /* Build configuration list for PBXProject "ChatApp" */ = {
			isa = XCConfigurationList;
			buildConfigurations = (
				181DA7AC27D26154005F2B08 /* Debug */,
				181DA7AD27D26154005F2B08 /* Release */,
			);
			defaultConfigurationIsVisible = 0;
			defaultConfigurationName = Release;
		};
		181DA7AE27D26154005F2B08 /* Build configuration list for PBXNativeTarget "ChatApp" */ = {
			isa = XCConfigurationList;
			buildConfigurations = (
				181DA7AF27D26154005F2B08 /* Debug */,
				181DA7B027D26154005F2B08 /* Release */,
			);
			defaultConfigurationIsVisible = 0;
			defaultConfigurationName = Release;
		};
/* End XCConfigurationList section */

/* Begin XCRemoteSwiftPackageReference section */
		180C08D427D68FC100E16786 /* XCRemoteSwiftPackageReference "SDWebImageSwiftUI" */ = {
			isa = XCRemoteSwiftPackageReference;
			repositoryURL = "https://github.com/SDWebImage/SDWebImageSwiftUI";
			requirement = {
				kind = upToNextMajorVersion;
				minimumVersion = 2.0.2;
			};
		};
		18EE67CC27D3EBB500C44294 /* XCRemoteSwiftPackageReference "firebase-ios-sdk" */ = {
			isa = XCRemoteSwiftPackageReference;
			repositoryURL = "https://github.com/firebase/firebase-ios-sdk";
			requirement = {
				kind = upToNextMajorVersion;
				minimumVersion = 8.12.1;
			};
		};
/* End XCRemoteSwiftPackageReference section */

/* Begin XCSwiftPackageProductDependency section */
		180C08D527D68FC200E16786 /* SDWebImageSwiftUI */ = {
			isa = XCSwiftPackageProductDependency;
			package = 180C08D427D68FC100E16786 /* XCRemoteSwiftPackageReference "SDWebImageSwiftUI" */;
			productName = SDWebImageSwiftUI;
		};
		18EE67CD27D3EBB500C44294 /* FirebaseAuth */ = {
			isa = XCSwiftPackageProductDependency;
			package = 18EE67CC27D3EBB500C44294 /* XCRemoteSwiftPackageReference "firebase-ios-sdk" */;
			productName = FirebaseAuth;
		};
		18EE67CF27D3EBB500C44294 /* FirebaseFirestore */ = {
			isa = XCSwiftPackageProductDependency;
			package = 18EE67CC27D3EBB500C44294 /* XCRemoteSwiftPackageReference "firebase-ios-sdk" */;
			productName = FirebaseFirestore;
		};
		18EE67D127D3EBB500C44294 /* FirebaseStorage */ = {
			isa = XCSwiftPackageProductDependency;
			package = 18EE67CC27D3EBB500C44294 /* XCRemoteSwiftPackageReference "firebase-ios-sdk" */;
			productName = FirebaseStorage;
		};
/* End XCSwiftPackageProductDependency section */
	};
	rootObject = 181DA79727D26153005F2B08 /* Project object */;
}
